# THIS IS AN AUTOGENERATED FILE. DO NOT EDIT THIS FILE DIRECTLY.
# yarn lockfile v1


"@ethersproject/abi@^5.0.3":
  version "5.0.4"
  resolved "https://verdaccio.framework.xyz/@ethersproject%2fabi/-/abi-5.0.4.tgz#92d603307ad343f9465d5e0f546df3cf72709862"
  integrity sha512-T8woaIQHCJMZDAQim1vSp8ycsP2h1/TlnBHzQqR9atKknoqLiT26Wxr9AkhW1aufexkWrZTHbf2837469uS6Eg==
  dependencies:
    "@ethersproject/address" "^5.0.3"
    "@ethersproject/bignumber" "^5.0.6"
    "@ethersproject/bytes" "^5.0.4"
    "@ethersproject/constants" "^5.0.3"
    "@ethersproject/hash" "^5.0.3"
    "@ethersproject/keccak256" "^5.0.3"
    "@ethersproject/logger" "^5.0.5"
    "@ethersproject/properties" "^5.0.3"
    "@ethersproject/strings" "^5.0.3"

"@ethersproject/abstract-provider@^5.0.3":
  version "5.0.3"
  resolved "https://verdaccio.framework.xyz/@ethersproject%2fabstract-provider/-/abstract-provider-5.0.3.tgz#be3dd880bb24c15cd7eb14daeae56ba9e00d967e"
  integrity sha512-0dVq0IcJd6/qTjT+bhJw6ooJuCJDNWTL8SKRFBnqr4OgDW7p1AXX2l7lQd7vX9RpbnDzurSM+fTBKCVWjdm3Vw==
  dependencies:
    "@ethersproject/bignumber" "^5.0.6"
    "@ethersproject/bytes" "^5.0.4"
    "@ethersproject/logger" "^5.0.5"
    "@ethersproject/networks" "^5.0.3"
    "@ethersproject/properties" "^5.0.3"
    "@ethersproject/transactions" "^5.0.3"
    "@ethersproject/web" "^5.0.4"

"@ethersproject/abstract-signer@^5.0.3":
  version "5.0.3"
  resolved "https://verdaccio.framework.xyz/@ethersproject%2fabstract-signer/-/abstract-signer-5.0.3.tgz#197bad52933a2e8c745d55f644bab1109f1be16f"
  integrity sha512-uhHXqmcJcxWYD+hcvsp/pu8iSgqQzgSXHJtFGUYBBkWGpCp5kF95nSRlFnyVu9uAqZxwynBtOrPZBd1ACGBQBQ==
  dependencies:
    "@ethersproject/abstract-provider" "^5.0.3"
    "@ethersproject/bignumber" "^5.0.6"
    "@ethersproject/bytes" "^5.0.4"
    "@ethersproject/logger" "^5.0.5"
    "@ethersproject/properties" "^5.0.3"

"@ethersproject/address@^5.0.3":
  version "5.0.3"
  resolved "https://verdaccio.framework.xyz/@ethersproject%2faddress/-/address-5.0.3.tgz#86489f836d1656135fa6cae56d9fd1ab5b2c95af"
  integrity sha512-LMmLxL1wTNtvwgm/eegcaxtG/W7vHXKzHGUkK9KZEI9W+SfHrpT7cGX+hBcatcUXPANjS3TmOaQ+mq5JU5sGTw==
  dependencies:
    "@ethersproject/bignumber" "^5.0.6"
    "@ethersproject/bytes" "^5.0.4"
    "@ethersproject/keccak256" "^5.0.3"
    "@ethersproject/logger" "^5.0.5"
    "@ethersproject/rlp" "^5.0.3"
    bn.js "^4.4.0"

"@ethersproject/base64@^5.0.3":
  version "5.0.3"
  resolved "https://verdaccio.framework.xyz/@ethersproject%2fbase64/-/base64-5.0.3.tgz#d0aaa32c9ab08e2d62a6238581607ab6e929297e"
  integrity sha512-sFq+/UwGCQsLxMvp7yO7yGWni87QXoV3C3IfjqUSY2BHkbZbCDm+PxZviUkiKf+edYZ2Glp0XnY7CgKSYUN9qw==
  dependencies:
    "@ethersproject/bytes" "^5.0.4"

"@ethersproject/basex@^5.0.3":
  version "5.0.3"
  resolved "https://verdaccio.framework.xyz/@ethersproject%2fbasex/-/basex-5.0.3.tgz#f8c9bc449a089131f52cfa8698cf77bc22e27e32"
  integrity sha512-EvoER+OXsMAZlvbC0M/9UTxjvbBvTccYCI+uCAhXw+eS1+SUdD4v7ekAFpVX78rPLrLZB1vChKMm6vPHIu3WRA==
  dependencies:
    "@ethersproject/bytes" "^5.0.4"
    "@ethersproject/properties" "^5.0.3"

"@ethersproject/bignumber@^5.0.6":
  version "5.0.6"
  resolved "https://verdaccio.framework.xyz/@ethersproject%2fbignumber/-/bignumber-5.0.6.tgz#1b5494a640c64096538e622b6ba8a5b8439ebde4"
  integrity sha512-fLilYOSH3DJXBrimx7PwrJdY/zAI5MGp229Mvhtcur76Lgt4qNWu9HTiwMGHP01Tkm3YP5gweF83GrQrA2tYUA==
  dependencies:
    "@ethersproject/bytes" "^5.0.4"
    "@ethersproject/logger" "^5.0.5"
    bn.js "^4.4.0"

"@ethersproject/bytes@^5.0.4":
  version "5.0.4"
  resolved "https://verdaccio.framework.xyz/@ethersproject%2fbytes/-/bytes-5.0.4.tgz#328d9d929a3e970964ecf5d62e12568a187189f1"
  integrity sha512-9R6A6l9JN8x1U4s1dJCR+9h3MZTT3xQofr/Xx8wbDvj6NnY4CbBB0o8ZgHXvR74yV90pY2EzCekpkMBJnRzkSw==
  dependencies:
    "@ethersproject/logger" "^5.0.5"

"@ethersproject/constants@^5.0.3":
  version "5.0.3"
  resolved "https://verdaccio.framework.xyz/@ethersproject%2fconstants/-/constants-5.0.3.tgz#7ccb8e2e9f14fbcc2d52d0e1402a83a5613a2f65"
  integrity sha512-iN7KBrA0zNFybDyrkcAPOcyU3CHXYFMd+KM2Jr07Kjg+DVB5wPpEXsOdd/K1KWFsFtGfNdPZ7QP8siLtCePXrQ==
  dependencies:
    "@ethersproject/bignumber" "^5.0.6"

"@ethersproject/contracts@^5.0.3":
  version "5.0.3"
  resolved "https://verdaccio.framework.xyz/@ethersproject%2fcontracts/-/contracts-5.0.3.tgz#9e9a395b6c9ddf1f456d9443e96c0c8d7660f79f"
  integrity sha512-60H7UJx6qsp3JP5q3jFjzVNGUygRfz+XzfRwx/VeCKjHBUpFxPEIO2S30SMjYKPqw6JsgxbOjxFFZgOfQiNesw==
  dependencies:
    "@ethersproject/abi" "^5.0.3"
    "@ethersproject/abstract-provider" "^5.0.3"
    "@ethersproject/abstract-signer" "^5.0.3"
    "@ethersproject/address" "^5.0.3"
    "@ethersproject/bignumber" "^5.0.6"
    "@ethersproject/bytes" "^5.0.4"
    "@ethersproject/constants" "^5.0.3"
    "@ethersproject/logger" "^5.0.5"
    "@ethersproject/properties" "^5.0.3"

"@ethersproject/hash@^5.0.3":
  version "5.0.3"
  resolved "https://verdaccio.framework.xyz/@ethersproject%2fhash/-/hash-5.0.3.tgz#41f17fd7972838831620338dad932bfe3d684209"
  integrity sha512-KSnJyL0G9lxbOK0UPrUcaYTc/RidrX8c+kn7xnEpTmSGxqlndw4BzvQcRgYt31bOIwuFtwlWvOo6AN2tJgdQtA==
  dependencies:
    "@ethersproject/bytes" "^5.0.4"
    "@ethersproject/keccak256" "^5.0.3"
    "@ethersproject/logger" "^5.0.5"
    "@ethersproject/strings" "^5.0.3"

"@ethersproject/hdnode@^5.0.3":
  version "5.0.3"
  resolved "https://verdaccio.framework.xyz/@ethersproject%2fhdnode/-/hdnode-5.0.3.tgz#47c83f34d0ccb15a110f28ba8cc00590b81197b6"
  integrity sha512-+VQj0gRxfwRPHH7J32fTU8Ouk9CBFBIqvl937I0swO5PghNXBy/1U+o8gZMOitLIId1P3Wr6QcaDHkusi7OQXw==
  dependencies:
    "@ethersproject/abstract-signer" "^5.0.3"
    "@ethersproject/basex" "^5.0.3"
    "@ethersproject/bignumber" "^5.0.6"
    "@ethersproject/bytes" "^5.0.4"
    "@ethersproject/logger" "^5.0.5"
    "@ethersproject/pbkdf2" "^5.0.3"
    "@ethersproject/properties" "^5.0.3"
    "@ethersproject/sha2" "^5.0.3"
    "@ethersproject/signing-key" "^5.0.4"
    "@ethersproject/strings" "^5.0.3"
    "@ethersproject/transactions" "^5.0.3"
    "@ethersproject/wordlists" "^5.0.3"

"@ethersproject/json-wallets@^5.0.5":
  version "5.0.5"
  resolved "https://verdaccio.framework.xyz/@ethersproject%2fjson-wallets/-/json-wallets-5.0.5.tgz#35fa0bb9360c4f2ac62b3e2d7ebe2c4913baa324"
  integrity sha512-g2kdOY5l+TDE5rIE9BLK+S7fiQMIIsM+KTxxVu4H2COROFwCSMeEb5uMCkccXc3iDX1sOBF653h8kTXCaFY03Q==
  dependencies:
    "@ethersproject/abstract-signer" "^5.0.3"
    "@ethersproject/address" "^5.0.3"
    "@ethersproject/bytes" "^5.0.4"
    "@ethersproject/hdnode" "^5.0.3"
    "@ethersproject/keccak256" "^5.0.3"
    "@ethersproject/logger" "^5.0.5"
    "@ethersproject/pbkdf2" "^5.0.3"
    "@ethersproject/properties" "^5.0.3"
    "@ethersproject/random" "^5.0.3"
    "@ethersproject/strings" "^5.0.3"
    "@ethersproject/transactions" "^5.0.3"
    aes-js "3.0.0"
    scrypt-js "3.0.1"

"@ethersproject/keccak256@^5.0.3":
  version "5.0.3"
  resolved "https://verdaccio.framework.xyz/@ethersproject%2fkeccak256/-/keccak256-5.0.3.tgz#f094a8fca3bb913c044593c4f382be424292e588"
  integrity sha512-VhW3mgZMBZlETV6AyOmjNeNG+Pg68igiKkPpat8/FZl0CKnfgQ+KZQZ/ee1vT+X0IUM8/djqnei6btmtbA27Ug==
  dependencies:
    "@ethersproject/bytes" "^5.0.4"
    js-sha3 "0.5.7"

"@ethersproject/logger@^5.0.5":
  version "5.0.5"
  resolved "https://verdaccio.framework.xyz/@ethersproject%2flogger/-/logger-5.0.5.tgz#e3ba3d0bcf9f5be4da5f043b1e328eb98b80002f"
  integrity sha512-gJj72WGzQhUtCk6kfvI8elTaPOQyMvrMghp/nbz0ivTo39fZ7IjypFh/ySDeUSdBNplAwhzWKKejQhdpyefg/w==

"@ethersproject/networks@^5.0.3":
  version "5.0.3"
  resolved "https://verdaccio.framework.xyz/@ethersproject%2fnetworks/-/networks-5.0.3.tgz#c4ebe56e79ca399247382627e50a022aa68ece55"
  integrity sha512-Gjpejul6XFetJXyvHCd37IiCC00203kYGU9sMaRMZcAcYKszCkbOeo/Q7Mmdr/fS7YBbB5iTOahDJWiRLu/b7A==
  dependencies:
    "@ethersproject/logger" "^5.0.5"

"@ethersproject/pbkdf2@^5.0.3":
  version "5.0.3"
  resolved "https://verdaccio.framework.xyz/@ethersproject%2fpbkdf2/-/pbkdf2-5.0.3.tgz#f9eca284a458cd11179d407884c595412d8d2775"
  integrity sha512-asc+YgJn7v7GKWYXGz3GM1d9XYI2HvdCw1cLEow2niEC9BfYA29rr1exz100zISk95GIU1YP2zV//zHsMtWE5Q==
  dependencies:
    "@ethersproject/bytes" "^5.0.4"
    "@ethersproject/sha2" "^5.0.3"

"@ethersproject/properties@^5.0.3":
  version "5.0.3"
  resolved "https://verdaccio.framework.xyz/@ethersproject%2fproperties/-/properties-5.0.3.tgz#991aef39a5f87d4645cee76cec4df868bfb08be6"
  integrity sha512-wLCSrbywkQgTO6tIF9ZdKsH9AIxPEqAJF/z5xcPkz1DK4mMAZgAXRNw1MrKYhyb+7CqNHbj3vxenNKFavGY/IA==
  dependencies:
    "@ethersproject/logger" "^5.0.5"

"@ethersproject/providers@^5.0.6":
  version "5.0.7"
  resolved "https://verdaccio.framework.xyz/@ethersproject%2fproviders/-/providers-5.0.7.tgz#8dfb9eacb36d3c05c08831f71ad43fb46d2aaec6"
  integrity sha512-lT+w/w2PKX9oyddX0DTBYl2CVHJTJONZP5HLJ3MzVvSA5dTOdiJ9Sx5rpqR7Tw+mxVA9xPjanoNCaPPIT7cykQ==
  dependencies:
    "@ethersproject/abstract-provider" "^5.0.3"
    "@ethersproject/abstract-signer" "^5.0.3"
    "@ethersproject/address" "^5.0.3"
    "@ethersproject/basex" "^5.0.3"
    "@ethersproject/bignumber" "^5.0.6"
    "@ethersproject/bytes" "^5.0.4"
    "@ethersproject/constants" "^5.0.3"
    "@ethersproject/hash" "^5.0.3"
    "@ethersproject/logger" "^5.0.5"
    "@ethersproject/networks" "^5.0.3"
    "@ethersproject/properties" "^5.0.3"
    "@ethersproject/random" "^5.0.3"
    "@ethersproject/rlp" "^5.0.3"
    "@ethersproject/sha2" "^5.0.3"
    "@ethersproject/strings" "^5.0.3"
    "@ethersproject/transactions" "^5.0.3"
    "@ethersproject/web" "^5.0.4"
    bech32 "1.1.4"
    ws "7.2.3"

"@ethersproject/random@^5.0.3":
  version "5.0.3"
  resolved "https://verdaccio.framework.xyz/@ethersproject%2frandom/-/random-5.0.3.tgz#ec16546fffdc10b9082f1207bd3a09f54cbcf5e6"
  integrity sha512-pEhWRbgNeAY1oYk4nIsEtCTh9TtLsivIDbOX11n+DLZLYM3c8qCLxThXtsHwVsMs1JHClZr5auYC4YxtVVzO/A==
  dependencies:
    "@ethersproject/bytes" "^5.0.4"
    "@ethersproject/logger" "^5.0.5"

"@ethersproject/rlp@^5.0.3":
  version "5.0.3"
  resolved "https://verdaccio.framework.xyz/@ethersproject%2frlp/-/rlp-5.0.3.tgz#841a5edfdf725f92155fe74424f5510c9043c13a"
  integrity sha512-Hz4yyA/ilGafASAqtTlLWkA/YqwhQmhbDAq2LSIp1AJNx+wtbKWFAKSckpeZ+WG/xZmT+fw5OFKK7a5IZ4DR5g==
  dependencies:
    "@ethersproject/bytes" "^5.0.4"
    "@ethersproject/logger" "^5.0.5"

"@ethersproject/sha2@^5.0.3":
  version "5.0.3"
  resolved "https://verdaccio.framework.xyz/@ethersproject%2fsha2/-/sha2-5.0.3.tgz#52c16edc1135d0ec7d242d88eed035dae72800c0"
  integrity sha512-B1U9UkgxhUlC1J4sFUL2GwTo33bM2i/aaD3aiYdTh1FEXtGfqYA89KN1DJ83n+Em8iuvyiBRk6u30VmgqlHeHA==
  dependencies:
    "@ethersproject/bytes" "^5.0.4"
    "@ethersproject/logger" "^5.0.5"
    hash.js "1.1.3"

"@ethersproject/signing-key@^5.0.4":
  version "5.0.4"
  resolved "https://verdaccio.framework.xyz/@ethersproject%2fsigning-key/-/signing-key-5.0.4.tgz#a5334ce8a52d4e9736dc8fb6ecc384704ecf8783"
  integrity sha512-I6pJoga1IvhtjYK5yXzCjs4ZpxrVbt9ZRAlpEw0SW9UuV020YfJH5EIVEGR2evdRceS3nAQIggqbsXSkP8Y1Dg==
  dependencies:
    "@ethersproject/bytes" "^5.0.4"
    "@ethersproject/logger" "^5.0.5"
    "@ethersproject/properties" "^5.0.3"
    elliptic "6.5.3"

"@ethersproject/solidity@^5.0.3":
  version "5.0.3"
  resolved "https://verdaccio.framework.xyz/@ethersproject%2fsolidity/-/solidity-5.0.3.tgz#178197cb2f19d2986dadd515928c5dba3cb27e55"
  integrity sha512-a6ni4OIj1e+JrvDiuLVqygYmAh53Ljk5iErkjzPgFBY8dz9xQfDxhpASjOZY0lzCf+N125yeK9N7Vm3HI7OLzQ==
  dependencies:
    "@ethersproject/bignumber" "^5.0.6"
    "@ethersproject/bytes" "^5.0.4"
    "@ethersproject/keccak256" "^5.0.3"
    "@ethersproject/sha2" "^5.0.3"
    "@ethersproject/strings" "^5.0.3"

"@ethersproject/strings@^5.0.3":
  version "5.0.3"
  resolved "https://verdaccio.framework.xyz/@ethersproject%2fstrings/-/strings-5.0.3.tgz#756cc4b93203a091966d40824b0b28048e2d5d9b"
  integrity sha512-8kEx3+Z6cMn581yh093qnaSa8H7XzmLn6g8YFDHUpzXM7+bvXvnL2ciHrJ+EbvaMQZpej6nNtl0nm7XF4PmQHA==
  dependencies:
    "@ethersproject/bytes" "^5.0.4"
    "@ethersproject/constants" "^5.0.3"
    "@ethersproject/logger" "^5.0.5"

"@ethersproject/transactions@^5.0.3":
  version "5.0.4"
  resolved "https://verdaccio.framework.xyz/@ethersproject%2ftransactions/-/transactions-5.0.4.tgz#76d7afdb0667efde22b054de3a8dc5b440eb6cd2"
  integrity sha512-QvS5CzxmL46D9Y3OlddurYgEIi5mb0eAgrKm5pM074Uz/1qxCYr+Ah12I4hpaciZtCq4Fe12YWZqUFb1vGcH6Q==
  dependencies:
    "@ethersproject/address" "^5.0.3"
    "@ethersproject/bignumber" "^5.0.6"
    "@ethersproject/bytes" "^5.0.4"
    "@ethersproject/constants" "^5.0.3"
    "@ethersproject/keccak256" "^5.0.3"
    "@ethersproject/logger" "^5.0.5"
    "@ethersproject/properties" "^5.0.3"
    "@ethersproject/rlp" "^5.0.3"
    "@ethersproject/signing-key" "^5.0.4"

"@ethersproject/units@^5.0.3":
  version "5.0.3"
  resolved "https://verdaccio.framework.xyz/@ethersproject%2funits/-/units-5.0.3.tgz#3b6d7a027f53b25e1752d353f3c5cedb4e4a0dc7"
  integrity sha512-PyQ066mFczUy0CSJJrc/VK+1ATh1bsI8EkzAVT7GQ0IPJlNDcXnGNtlH5EQGHzuXA3GDQNV23poB0Cy/WDb2zg==
  dependencies:
    "@ethersproject/bignumber" "^5.0.6"
    "@ethersproject/constants" "^5.0.3"
    "@ethersproject/logger" "^5.0.5"

"@ethersproject/wallet@^5.0.3":
  version "5.0.3"
  resolved "https://verdaccio.framework.xyz/@ethersproject%2fwallet/-/wallet-5.0.3.tgz#45016e0fd3a79dcbb2be867a5181bdd055fbb3ac"
  integrity sha512-Nouwfh1HlpxaeRRi4+UDVsfrd9fitBHUvw35bTMSwJLFsZTb9xPd0LGWdX4llwVlAP/CXb6qDc0zwYy6uLp7Lw==
  dependencies:
    "@ethersproject/abstract-provider" "^5.0.3"
    "@ethersproject/abstract-signer" "^5.0.3"
    "@ethersproject/address" "^5.0.3"
    "@ethersproject/bignumber" "^5.0.6"
    "@ethersproject/bytes" "^5.0.4"
    "@ethersproject/hash" "^5.0.3"
    "@ethersproject/hdnode" "^5.0.3"
    "@ethersproject/json-wallets" "^5.0.5"
    "@ethersproject/keccak256" "^5.0.3"
    "@ethersproject/logger" "^5.0.5"
    "@ethersproject/properties" "^5.0.3"
    "@ethersproject/random" "^5.0.3"
    "@ethersproject/signing-key" "^5.0.4"
    "@ethersproject/transactions" "^5.0.3"
    "@ethersproject/wordlists" "^5.0.3"

"@ethersproject/web@^5.0.4":
  version "5.0.5"
  resolved "https://verdaccio.framework.xyz/@ethersproject%2fweb/-/web-5.0.5.tgz#dd0531bf2fbf44c37ce8b547e40c183cf88c3e09"
  integrity sha512-3lffVNOKv/ypW42eY0xhc+UXF+lFUgP1QfIZhWDTJ4xSY6tuNayXKXYq+AqjLXwxwIHzD0TOpe4j46IXJx2NXA==
  dependencies:
    "@ethersproject/base64" "^5.0.3"
    "@ethersproject/bytes" "^5.0.4"
    "@ethersproject/logger" "^5.0.5"
    "@ethersproject/properties" "^5.0.3"
    "@ethersproject/strings" "^5.0.3"

"@ethersproject/wordlists@^5.0.3":
  version "5.0.3"
  resolved "https://verdaccio.framework.xyz/@ethersproject%2fwordlists/-/wordlists-5.0.3.tgz#e3bddae0b046ea294bb7c9d564e5bfcde1510613"
  integrity sha512-Asro9CcBJqxtMnmKrsg79GMmH02p0JmdOwhEdRHRbr51UMRqAfV5RjiidYk21aMsTflv4VY3HgFs6q6FtRJs+w==
  dependencies:
    "@ethersproject/bytes" "^5.0.4"
    "@ethersproject/hash" "^5.0.3"
    "@ethersproject/logger" "^5.0.5"
    "@ethersproject/properties" "^5.0.3"
    "@ethersproject/strings" "^5.0.3"

aes-js@3.0.0:
  version "3.0.0"
  resolved "https://verdaccio.framework.xyz/aes-js/-/aes-js-3.0.0.tgz#e21df10ad6c2053295bcbb8dab40b09dbea87e4d"
  integrity sha1-4h3xCtbCBTKVvLuNq0Cwnb6ofk0=

ansi-regex@^2.0.0:
  version "2.1.1"
  resolved "https://verdaccio.framework.xyz/ansi-regex/-/ansi-regex-2.1.1.tgz#c3b33ab5ee360d86e0e628f0468ae7ef27d654df"
  integrity sha1-w7M6te42DYbg5ijwRorn7yfWVN8=

ansi-regex@^3.0.0:
  version "3.0.0"
  resolved "https://verdaccio.framework.xyz/ansi-regex/-/ansi-regex-3.0.0.tgz#ed0317c322064f79466c02966bddb605ab37d998"
  integrity sha1-7QMXwyIGT3lGbAKWa922Bas32Zg=

aproba@^1.0.3:
  version "1.2.0"
  resolved "https://verdaccio.framework.xyz/aproba/-/aproba-1.2.0.tgz#6802e6264efd18c790a1b0d517f0f2627bf2c94a"
  integrity sha512-Y9J6ZjXtoYh8RnXVCMOU/ttDmk1aBjunq9vO0ta5x85WDQiQfUF9sIPBITdbiiIVcBo03Hi3jMxigBtsddlXRw==

are-we-there-yet@~1.1.2:
  version "1.1.5"
  resolved "https://verdaccio.framework.xyz/are-we-there-yet/-/are-we-there-yet-1.1.5.tgz#4b35c2944f062a8bfcda66410760350fe9ddfc21"
  integrity sha512-5hYdAkZlcG8tOLujVDTgCT+uPX0VnpAH28gWsLfzpXYm7wP6mp5Q/gYyR7YQ0cKVJcXJnl3j2kpBan13PtQf6w==
  dependencies:
    delegates "^1.0.0"
    readable-stream "^2.0.6"

base64-js@^1.0.2:
  version "1.3.1"
  resolved "https://verdaccio.framework.xyz/base64-js/-/base64-js-1.3.1.tgz#58ece8cb75dd07e71ed08c736abc5fac4dbf8df1"
  integrity sha512-mLQ4i2QO1ytvGWFWmcngKO//JXAQueZvwEKtjgQFM4jIK0kU+ytMfplL8j+n5mspOfjHwoAg+9yhb7BwAHm36g==

bech32@1.1.4:
  version "1.1.4"
  resolved "https://verdaccio.framework.xyz/bech32/-/bech32-1.1.4.tgz#e38c9f37bf179b8eb16ae3a772b40c356d4832e9"
  integrity sha512-s0IrSOzLlbvX7yp4WBfPITzpAU8sqQcpsmwXDiKwrG4r491vwCO/XpejasRNl0piBMe/DvP4Tz0mIS/X1DPJBQ==

bl@^4.0.1:
  version "4.0.3"
  resolved "https://verdaccio.framework.xyz/bl/-/bl-4.0.3.tgz#12d6287adc29080e22a705e5764b2a9522cdc489"
  integrity sha512-fs4G6/Hu4/EE+F75J8DuN/0IpQqNjAdC7aEQv7Qt8MHGUH7Ckv2MwTEEeN9QehD0pfIDkMI1bkHYkKy7xHyKIg==
  dependencies:
    buffer "^5.5.0"
    inherits "^2.0.4"
    readable-stream "^3.4.0"

bn.js@^4.4.0:
  version "4.11.9"
  resolved "https://verdaccio.framework.xyz/bn.js/-/bn.js-4.11.9.tgz#26d556829458f9d1e81fc48952493d0ba3507828"
  integrity sha512-E6QoYqCKZfgatHTdHzs1RRKP7ip4vvm+EyRUeE2RF0NblwVvb0p6jSVeNTOFxPn26QXN2o6SMfNxKp6kU8zQaw==

brorand@^1.0.1:
  version "1.1.0"
  resolved "https://verdaccio.framework.xyz/brorand/-/brorand-1.1.0.tgz#12c25efe40a45e3c323eb8675a0a0ce57b22371f"
  integrity sha1-EsJe/kCkXjwyPrhnWgoM5XsiNx8=

buffer@^5.5.0:
  version "5.6.0"
  resolved "https://verdaccio.framework.xyz/buffer/-/buffer-5.6.0.tgz#a31749dc7d81d84db08abf937b6b8c4033f62786"
  integrity sha512-/gDYp/UtU0eA1ys8bOs9J6a+E/KWIY+DZ+Q2WESNUA0jFRsJOc0SNUO6xJ5SGA1xueg3NL65W6s+NY5l9cunuw==
  dependencies:
    base64-js "^1.0.2"
    ieee754 "^1.1.4"

chownr@^1.1.1:
  version "1.1.4"
  resolved "https://verdaccio.framework.xyz/chownr/-/chownr-1.1.4.tgz#6fc9d7b42d32a583596337666e7d08084da2cc6b"
  integrity sha512-jJ0bqzaylmJtVnNgzTeSOs8DPavpbYgEr/b0YL8/2GO3xJEhInFmhKMUnEJQjZumK7KXGFhUy89PrsJWlakBVg==

code-point-at@^1.0.0:
  version "1.1.0"
  resolved "https://verdaccio.framework.xyz/code-point-at/-/code-point-at-1.1.0.tgz#0d070b4d043a5bea33a2f1a40e2edb3d9a4ccf77"
  integrity sha1-DQcLTQQ6W+ozovGkDi7bPZpMz3c=

console-control-strings@^1.0.0, console-control-strings@~1.1.0:
  version "1.1.0"
  resolved "https://verdaccio.framework.xyz/console-control-strings/-/console-control-strings-1.1.0.tgz#3d7cf4464db6446ea644bf4b39507f9851008e8e"
  integrity sha1-PXz0Rk22RG6mRL9LOVB/mFEAjo4=

core-util-is@~1.0.0:
  version "1.0.2"
  resolved "https://verdaccio.framework.xyz/core-util-is/-/core-util-is-1.0.2.tgz#b5fd54220aa2bc5ab57aab7140c940754503c1a7"
  integrity sha1-tf1UIgqivFq1eqtxQMlAdUUDwac=

decompress-response@^4.2.0:
  version "4.2.1"
  resolved "https://verdaccio.framework.xyz/decompress-response/-/decompress-response-4.2.1.tgz#414023cc7a302da25ce2ec82d0d5238ccafd8986"
  integrity sha512-jOSne2qbyE+/r8G1VU+G/82LBs2Fs4LAsTiLSHOCOMZQl2OKZ6i8i4IyHemTe+/yIXOtTcRQMzPcgyhoFlqPkw==
  dependencies:
    mimic-response "^2.0.0"

deep-extend@^0.6.0:
  version "0.6.0"
  resolved "https://verdaccio.framework.xyz/deep-extend/-/deep-extend-0.6.0.tgz#c4fa7c95404a17a9c3e8ca7e1537312b736330ac"
  integrity sha512-LOHxIOaPYdHlJRtCQfDIVZtfw/ufM8+rVj649RIHzcm/vGwQRXFt6OPqIFWsm2XEMrNIEtWR64sY1LEKD2vAOA==

delegates@^1.0.0:
  version "1.0.0"
  resolved "https://verdaccio.framework.xyz/delegates/-/delegates-1.0.0.tgz#84c6e159b81904fdca59a0ef44cd870d31250f9a"
  integrity sha1-hMbhWbgZBP3KWaDvRM2HDTElD5o=

detect-libc@^1.0.3:
  version "1.0.3"
  resolved "https://verdaccio.framework.xyz/detect-libc/-/detect-libc-1.0.3.tgz#fa137c4bd698edf55cd5cd02ac559f91a4c4ba9b"
  integrity sha1-+hN8S9aY7fVc1c0CrFWfkaTEups=

dotenv@^8.2.0:
  version "8.2.0"
  resolved "https://verdaccio.framework.xyz/dotenv/-/dotenv-8.2.0.tgz#97e619259ada750eea3e4ea3e26bceea5424b16a"
  integrity sha512-8sJ78ElpbDJBHNeBzUbUVLsqKdccaa/BXF1uPTw3GrvQTBgrQrtObr2mUrE38vzYd8cEv+m/JBfDLioYcfXoaw==

elliptic@6.5.3:
  version "6.5.3"
  resolved "https://verdaccio.framework.xyz/elliptic/-/elliptic-6.5.3.tgz#cb59eb2efdaf73a0bd78ccd7015a62ad6e0f93d6"
  integrity sha512-IMqzv5wNQf+E6aHeIqATs0tOLeOTwj1QKbRcS3jBbYkl5oLAserA8yJTT7/VyHUYG91PRmPyeQDObKLPpeS4dw==
  dependencies:
    bn.js "^4.4.0"
    brorand "^1.0.1"
    hash.js "^1.0.0"
    hmac-drbg "^1.0.0"
    inherits "^2.0.1"
    minimalistic-assert "^1.0.0"
    minimalistic-crypto-utils "^1.0.0"

end-of-stream@^1.1.0, end-of-stream@^1.4.1:
  version "1.4.4"
  resolved "https://verdaccio.framework.xyz/end-of-stream/-/end-of-stream-1.4.4.tgz#5ae64a5f45057baf3626ec14da0ca5e4b2431eb0"
  integrity sha512-+uw1inIHVPQoaVuHzRyXd21icM+cnt4CzD5rW+NC1wjOUSTOs+Te7FOv7AhN7vS9x/oIyhLP5PR1H+phQAHu5Q==
  dependencies:
    once "^1.4.0"

ethers@^5.0.12:
  version "5.0.12"
  resolved "https://verdaccio.framework.xyz/ethers/-/ethers-5.0.12.tgz#8986cf53a425d1a00af6bda886e9098b0448d1fb"
  integrity sha512-mgF1ZLd1y5r+hS1IPATKwKx5k/PCSqz4PEQjMR+er+Hhu6IefVVcoYATUMjmK4FG+3PAkorRMA9rJ4Y/fdW0UA==
  dependencies:
    "@ethersproject/abi" "^5.0.3"
    "@ethersproject/abstract-provider" "^5.0.3"
    "@ethersproject/abstract-signer" "^5.0.3"
    "@ethersproject/address" "^5.0.3"
    "@ethersproject/base64" "^5.0.3"
    "@ethersproject/basex" "^5.0.3"
    "@ethersproject/bignumber" "^5.0.6"
    "@ethersproject/bytes" "^5.0.4"
    "@ethersproject/constants" "^5.0.3"
    "@ethersproject/contracts" "^5.0.3"
    "@ethersproject/hash" "^5.0.3"
    "@ethersproject/hdnode" "^5.0.3"
    "@ethersproject/json-wallets" "^5.0.5"
    "@ethersproject/keccak256" "^5.0.3"
    "@ethersproject/logger" "^5.0.5"
    "@ethersproject/networks" "^5.0.3"
    "@ethersproject/pbkdf2" "^5.0.3"
    "@ethersproject/properties" "^5.0.3"
    "@ethersproject/providers" "^5.0.6"
    "@ethersproject/random" "^5.0.3"
    "@ethersproject/rlp" "^5.0.3"
    "@ethersproject/sha2" "^5.0.3"
    "@ethersproject/signing-key" "^5.0.4"
    "@ethersproject/solidity" "^5.0.3"
    "@ethersproject/strings" "^5.0.3"
    "@ethersproject/transactions" "^5.0.3"
    "@ethersproject/units" "^5.0.3"
    "@ethersproject/wallet" "^5.0.3"
    "@ethersproject/web" "^5.0.4"
    "@ethersproject/wordlists" "^5.0.3"

expand-template@^2.0.3:
  version "2.0.3"
  resolved "https://verdaccio.framework.xyz/expand-template/-/expand-template-2.0.3.tgz#6e14b3fcee0f3a6340ecb57d2e8918692052a47c"
  integrity sha512-XYfuKMvj4O35f/pOXLObndIRvyQ+/+6AhODh+OKWj9S9498pHHn/IMszH+gt0fBCRWMNfk1ZSp5x3AifmnI2vg==

fs-constants@^1.0.0:
  version "1.0.0"
  resolved "https://verdaccio.framework.xyz/fs-constants/-/fs-constants-1.0.0.tgz#6be0de9be998ce16af8afc24497b9ee9b7ccd9ad"
  integrity sha512-y6OAwoSIf7FyjMIv94u+b5rdheZEjzR63GTyZJm5qh4Bi+2YgwLCcI/fPFZkL5PSixOt6ZNKm+w+Hfp/Bciwow==

gauge@~2.7.3:
  version "2.7.4"
  resolved "https://verdaccio.framework.xyz/gauge/-/gauge-2.7.4.tgz#2c03405c7538c39d7eb37b317022e325fb018bf7"
  integrity sha1-LANAXHU4w51+s3sxcCLjJfsBi/c=
  dependencies:
    aproba "^1.0.3"
    console-control-strings "^1.0.0"
    has-unicode "^2.0.0"
    object-assign "^4.1.0"
    signal-exit "^3.0.0"
    string-width "^1.0.1"
    strip-ansi "^3.0.1"
    wide-align "^1.1.0"

github-from-package@0.0.0:
  version "0.0.0"
  resolved "https://verdaccio.framework.xyz/github-from-package/-/github-from-package-0.0.0.tgz#97fb5d96bfde8973313f20e8288ef9a167fa64ce"
  integrity sha1-l/tdlr/eiXMxPyDoKI75oWf6ZM4=

has-unicode@^2.0.0:
  version "2.0.1"
  resolved "https://verdaccio.framework.xyz/has-unicode/-/has-unicode-2.0.1.tgz#e0e6fe6a28cf51138855e086d1691e771de2a8b9"
  integrity sha1-4Ob+aijPUROIVeCG0Wkedx3iqLk=

hash.js@1.1.3:
  version "1.1.3"
  resolved "https://verdaccio.framework.xyz/hash.js/-/hash.js-1.1.3.tgz#340dedbe6290187151c1ea1d777a3448935df846"
  integrity sha512-/UETyP0W22QILqS+6HowevwhEFJ3MBJnwTf75Qob9Wz9t0DPuisL8kW8YZMK62dHAKE1c1p+gY1TtOLY+USEHA==
  dependencies:
    inherits "^2.0.3"
    minimalistic-assert "^1.0.0"

hash.js@^1.0.0, hash.js@^1.0.3:
  version "1.1.7"
  resolved "https://verdaccio.framework.xyz/hash.js/-/hash.js-1.1.7.tgz#0babca538e8d4ee4a0f8988d68866537a003cf42"
  integrity sha512-taOaskGt4z4SOANNseOviYDvjEJinIkRgmp7LbKP2YTTmVxWBl87s/uzK9r+44BclBSp2X7K1hqeNfz9JbBeXA==
  dependencies:
    inherits "^2.0.3"
    minimalistic-assert "^1.0.1"

hmac-drbg@^1.0.0:
  version "1.0.1"
  resolved "https://verdaccio.framework.xyz/hmac-drbg/-/hmac-drbg-1.0.1.tgz#d2745701025a6c775a6c545793ed502fc0c649a1"
  integrity sha1-0nRXAQJabHdabFRXk+1QL8DGSaE=
  dependencies:
    hash.js "^1.0.3"
    minimalistic-assert "^1.0.0"
    minimalistic-crypto-utils "^1.0.1"

ieee754@^1.1.4:
  version "1.1.13"
  resolved "https://verdaccio.framework.xyz/ieee754/-/ieee754-1.1.13.tgz#ec168558e95aa181fd87d37f55c32bbcb6708b84"
  integrity sha512-4vf7I2LYV/HaWerSo3XmlMkp5eZ83i+/CDluXi/IGTs/O1sejBNhTtnxzmRZfvOUqj7lZjqHkeTvpgSFDlWZTg==

inherits@^2.0.1, inherits@^2.0.3, inherits@^2.0.4, inherits@~2.0.3:
  version "2.0.4"
  resolved "https://verdaccio.framework.xyz/inherits/-/inherits-2.0.4.tgz#0fa2c64f932917c3433a0ded55363aae37416b7c"
  integrity sha512-k/vGaX4/Yla3WzyMCvTQOXYeIHvqOKtnqBduzTHpzpQZzAskKMhZ2K+EnBiSM9zGSoIFeMpXKxa4dYeZIQqewQ==

ini@~1.3.0:
  version "1.3.5"
  resolved "https://verdaccio.framework.xyz/ini/-/ini-1.3.5.tgz#eee25f56db1c9ec6085e0c22778083f596abf927"
  integrity sha512-RZY5huIKCMRWDUqZlEi72f/lmXKMvuszcMBduliQ3nnWbx9X/ZBQO7DijMEYS9EhHBb2qacRUMtC7svLwe0lcw==

is-fullwidth-code-point@^1.0.0:
  version "1.0.0"
  resolved "https://verdaccio.framework.xyz/is-fullwidth-code-point/-/is-fullwidth-code-point-1.0.0.tgz#ef9e31386f031a7f0d643af82fde50c457ef00cb"
  integrity sha1-754xOG8DGn8NZDr4L95QxFfvAMs=
  dependencies:
    number-is-nan "^1.0.0"

is-fullwidth-code-point@^2.0.0:
  version "2.0.0"
  resolved "https://verdaccio.framework.xyz/is-fullwidth-code-point/-/is-fullwidth-code-point-2.0.0.tgz#a3b30a5c4f199183167aaab93beefae3ddfb654f"
  integrity sha1-o7MKXE8ZkYMWeqq5O+764937ZU8=

isarray@~1.0.0:
  version "1.0.0"
  resolved "https://verdaccio.framework.xyz/isarray/-/isarray-1.0.0.tgz#bb935d48582cba168c06834957a54a3e07124f11"
  integrity sha1-u5NdSFgsuhaMBoNJV6VKPgcSTxE=

js-sha3@0.5.7:
  version "0.5.7"
  resolved "https://verdaccio.framework.xyz/js-sha3/-/js-sha3-0.5.7.tgz#0d4ffd8002d5333aabaf4a23eed2f6374c9f28e7"
  integrity sha1-DU/9gALVMzqrr0oj7tL2N0yfKOc=

mimic-response@^2.0.0:
  version "2.1.0"
  resolved "https://verdaccio.framework.xyz/mimic-response/-/mimic-response-2.1.0.tgz#d13763d35f613d09ec37ebb30bac0469c0ee8f43"
  integrity sha512-wXqjST+SLt7R009ySCglWBCFpjUygmCIfD790/kVbiGmUgfYGuB14PiTd5DwVxSV4NcYHjzMkoj5LjQZwTQLEA==

minimalistic-assert@^1.0.0, minimalistic-assert@^1.0.1:
  version "1.0.1"
  resolved "https://verdaccio.framework.xyz/minimalistic-assert/-/minimalistic-assert-1.0.1.tgz#2e194de044626d4a10e7f7fbc00ce73e83e4d5c7"
  integrity sha512-UtJcAD4yEaGtjPezWuO9wC4nwUnVH/8/Im3yEHQP4b67cXlD/Qr9hdITCU1xDbSEXg2XKNaP8jsReV7vQd00/A==

minimalistic-crypto-utils@^1.0.0, minimalistic-crypto-utils@^1.0.1:
  version "1.0.1"
  resolved "https://verdaccio.framework.xyz/minimalistic-crypto-utils/-/minimalistic-crypto-utils-1.0.1.tgz#f6c00c1c0b082246e5c4d99dfb8c7c083b2b582a"
  integrity sha1-9sAMHAsIIkblxNmd+4x8CDsrWCo=

minimist@^1.2.0, minimist@^1.2.3, minimist@^1.2.5:
  version "1.2.5"
  resolved "https://verdaccio.framework.xyz/minimist/-/minimist-1.2.5.tgz#67d66014b66a6a8aaa0c083c5fd58df4e4e97602"
  integrity sha512-FM9nNUYrRBAELZQT3xeZQ7fmMOBg6nWNmJKTcgsJeaLstP/UODVpGsr5OhXhhXg6f+qtJ8uiZ+PUxkDWcgIXLw==

mkdirp-classic@^0.5.2:
  version "0.5.3"
  resolved "https://verdaccio.framework.xyz/mkdirp-classic/-/mkdirp-classic-0.5.3.tgz#fa10c9115cc6d8865be221ba47ee9bed78601113"
  integrity sha512-gKLcREMhtuZRwRAfqP3RFW+TK4JqApVBtOIftVgjuABpAtpxhPGaDcfvbhNvD0B8iD1oUr/txX35NjcaY6Ns/A==

mkdirp@^0.5.1:
  version "0.5.5"
  resolved "https://verdaccio.framework.xyz/mkdirp/-/mkdirp-0.5.5.tgz#d91cefd62d1436ca0f41620e251288d420099def"
  integrity sha512-NKmAlESf6jMGym1++R0Ra7wvhV+wFW63FaSOFPwRahvea0gMUcGUhVeAg/0BC0wiv9ih5NYPB1Wn1UEI1/L+xQ==
  dependencies:
    minimist "^1.2.5"

nan@^2.14.0:
  version "2.14.1"
  resolved "https://verdaccio.framework.xyz/nan/-/nan-2.14.1.tgz#d7be34dfa3105b91494c3147089315eff8874b01"
  integrity sha512-isWHgVjnFjh2x2yuJ/tj3JbwoHu3UC2dX5G/88Cm24yB6YopVgxvBObDY7n5xW6ExmFhJpSEQqFPvq9zaXc8Jw==

napi-build-utils@^1.0.1:
  version "1.0.2"
  resolved "https://verdaccio.framework.xyz/napi-build-utils/-/napi-build-utils-1.0.2.tgz#b1fddc0b2c46e380a0b7a76f984dd47c41a13806"
  integrity sha512-ONmRUqK7zj7DWX0D9ADe03wbwOBZxNAfF20PlGfCWQcD3+/MakShIHrMqx9YwPTfxDdF1zLeL+RGZiR9kGMLdg==

node-abi@^2.7.0:
  version "2.19.1"
  resolved "https://verdaccio.framework.xyz/node-abi/-/node-abi-2.19.1.tgz#6aa32561d0a5e2fdb6810d8c25641b657a8cea85"
  integrity sha512-HbtmIuByq44yhAzK7b9j/FelKlHYISKQn0mtvcBrU5QBkhoCMp5bu8Hv5AI34DcKfOAcJBcOEMwLlwO62FFu9A==
  dependencies:
    semver "^5.4.1"

noop-logger@^0.1.1:
  version "0.1.1"
  resolved "https://verdaccio.framework.xyz/noop-logger/-/noop-logger-0.1.1.tgz#94a2b1633c4f1317553007d8966fd0e841b6a4c2"
  integrity sha1-lKKxYzxPExdVMAfYlm/Q6EG2pMI=

npmlog@^4.0.1:
  version "4.1.2"
  resolved "https://verdaccio.framework.xyz/npmlog/-/npmlog-4.1.2.tgz#08a7f2a8bf734604779a9efa4ad5cc717abb954b"
  integrity sha512-2uUqazuKlTaSI/dC8AzicUck7+IrEaOnN/e0jd3Xtt1KcGpwx30v50mL7oPyr/h9bL3E4aZccVwpwP+5W9Vjkg==
  dependencies:
    are-we-there-yet "~1.1.2"
    console-control-strings "~1.1.0"
    gauge "~2.7.3"
    set-blocking "~2.0.0"

number-is-nan@^1.0.0:
  version "1.0.1"
  resolved "https://verdaccio.framework.xyz/number-is-nan/-/number-is-nan-1.0.1.tgz#097b602b53422a522c1afb8790318336941a011d"
  integrity sha1-CXtgK1NCKlIsGvuHkDGDNpQaAR0=

object-assign@^4.1.0:
  version "4.1.1"
  resolved "https://verdaccio.framework.xyz/object-assign/-/object-assign-4.1.1.tgz#2109adc7965887cfc05cbbd442cac8bfbb360863"
  integrity sha1-IQmtx5ZYh8/AXLvUQsrIv7s2CGM=

once@^1.3.1, once@^1.4.0:
  version "1.4.0"
  resolved "https://verdaccio.framework.xyz/once/-/once-1.4.0.tgz#583b1aa775961d4b113ac17d9c50baef9dd76bd1"
  integrity sha1-WDsap3WWHUsROsF9nFC6753Xa9E=
  dependencies:
    wrappy "1"

prebuild-install@^5.3.2:
  version "5.3.5"
  resolved "https://verdaccio.framework.xyz/prebuild-install/-/prebuild-install-5.3.5.tgz#e7e71e425298785ea9d22d4f958dbaccf8bb0e1b"
  integrity sha512-YmMO7dph9CYKi5IR/BzjOJlRzpxGGVo1EsLSUZ0mt/Mq0HWZIHOKHHcHdT69yG54C9m6i45GpItwRHpk0Py7Uw==
  dependencies:
    detect-libc "^1.0.3"
    expand-template "^2.0.3"
    github-from-package "0.0.0"
    minimist "^1.2.3"
    mkdirp "^0.5.1"
    napi-build-utils "^1.0.1"
    node-abi "^2.7.0"
    noop-logger "^0.1.1"
    npmlog "^4.0.1"
    pump "^3.0.0"
    rc "^1.2.7"
    simple-get "^3.0.3"
    tar-fs "^2.0.0"
    tunnel-agent "^0.6.0"
    which-pm-runs "^1.0.0"

process-nextick-args@~2.0.0:
  version "2.0.1"
  resolved "https://verdaccio.framework.xyz/process-nextick-args/-/process-nextick-args-2.0.1.tgz#7820d9b16120cc55ca9ae7792680ae7dba6d7fe2"
  integrity sha512-3ouUOpQhtgrbOa17J7+uxOTpITYWaGP7/AhoR3+A+/1e9skrzelGi/dXzEYyvbxubEF6Wn2ypscTKiKJFFn1ag==

pump@^3.0.0:
  version "3.0.0"
  resolved "https://verdaccio.framework.xyz/pump/-/pump-3.0.0.tgz#b4a2116815bde2f4e1ea602354e8c75565107a64"
  integrity sha512-LwZy+p3SFs1Pytd/jYct4wpv49HiYCqd9Rlc5ZVdk0V+8Yzv6jR5Blk3TRmPL1ft69TxP0IMZGJ+WPFU2BFhww==
  dependencies:
    end-of-stream "^1.1.0"
    once "^1.3.1"

rc@^1.2.7:
  version "1.2.8"
  resolved "https://verdaccio.framework.xyz/rc/-/rc-1.2.8.tgz#cd924bf5200a075b83c188cd6b9e211b7fc0d3ed"
  integrity sha512-y3bGgqKj3QBdxLbLkomlohkvsA8gdAiUQlSBJnBhfn+BPxg4bc62d8TcBW15wavDfgexCgccckhcZvywyQYPOw==
  dependencies:
    deep-extend "^0.6.0"
    ini "~1.3.0"
    minimist "^1.2.0"
    strip-json-comments "~2.0.1"

readable-stream@^2.0.6:
  version "2.3.7"
  resolved "https://verdaccio.framework.xyz/readable-stream/-/readable-stream-2.3.7.tgz#1eca1cf711aef814c04f62252a36a62f6cb23b57"
  integrity sha512-Ebho8K4jIbHAxnuxi7o42OrZgF/ZTNcsZj6nRKyUmkhLFq8CHItp/fy6hQZuZmP/n3yZ9VBUbp4zz/mX8hmYPw==
  dependencies:
    core-util-is "~1.0.0"
    inherits "~2.0.3"
    isarray "~1.0.0"
    process-nextick-args "~2.0.0"
    safe-buffer "~5.1.1"
    string_decoder "~1.1.1"
    util-deprecate "~1.0.1"

readable-stream@^3.1.1, readable-stream@^3.4.0:
  version "3.6.0"
  resolved "https://verdaccio.framework.xyz/readable-stream/-/readable-stream-3.6.0.tgz#337bbda3adc0706bd3e024426a286d4b4b2c9198"
  integrity sha512-BViHy7LKeTz4oNnkcLJ+lVSL6vpiFeX6/d3oSH8zCW7UxP2onchk+vTGB143xuFjHS3deTgkKoXXymXqymiIdA==
  dependencies:
    inherits "^2.0.3"
    string_decoder "^1.1.1"
    util-deprecate "^1.0.1"

safe-buffer@^5.0.1, safe-buffer@~5.2.0:
  version "5.2.1"
  resolved "https://verdaccio.framework.xyz/safe-buffer/-/safe-buffer-5.2.1.tgz#1eaf9fa9bdb1fdd4ec75f58f9cdb4e6b7827eec6"
  integrity sha512-rp3So07KcdmmKbGvgaNxQSJr7bGVSVk5S9Eq1F+ppbRo70+YeaDxkw5Dd8NPN+GD6bjnYm2VuPuCXmpuYvmCXQ==

safe-buffer@~5.1.0, safe-buffer@~5.1.1:
  version "5.1.2"
  resolved "https://verdaccio.framework.xyz/safe-buffer/-/safe-buffer-5.1.2.tgz#991ec69d296e0313747d59bdfd2b745c35f8828d"
  integrity sha512-Gd2UZBJDkXlY7GbJxfsE8/nvKkUEU1G38c1siN6QP6a9PT9MmHB8GnpscSmMJSoF8LOIrt8ud/wPtojys4G6+g==

scrypt-js@3.0.1:
  version "3.0.1"
  resolved "https://verdaccio.framework.xyz/scrypt-js/-/scrypt-js-3.0.1.tgz#d314a57c2aef69d1ad98a138a21fe9eafa9ee312"
  integrity sha512-cdwTTnqPu0Hyvf5in5asVdZocVDTNRmR7XEcJuIzMjJeSHybHl7vpB66AzwTaIg6CLSbtjcxc8fqcySfnTkccA==

semver@^5.4.1:
  version "5.7.1"
  resolved "https://verdaccio.framework.xyz/semver/-/semver-5.7.1.tgz#a954f931aeba508d307bbf069eff0c01c96116f7"
  integrity sha512-sauaDf/PZdVgrLTNYHRtpXa1iRiKcaebiKQ1BJdpQlWH2lCvexQdX55snPFyK7QzpudqbCI0qXFfOasHdyNDGQ==

set-blocking@~2.0.0:
  version "2.0.0"
  resolved "https://verdaccio.framework.xyz/set-blocking/-/set-blocking-2.0.0.tgz#045f9782d011ae9a6803ddd382b24392b3d890f7"
  integrity sha1-BF+XgtARrppoA93TgrJDkrPYkPc=

signal-exit@^3.0.0:
  version "3.0.3"
  resolved "https://verdaccio.framework.xyz/signal-exit/-/signal-exit-3.0.3.tgz#a1410c2edd8f077b08b4e253c8eacfcaf057461c"
  integrity sha512-VUJ49FC8U1OxwZLxIbTTrDvLnf/6TDgxZcK8wxR8zs13xpx7xbG60ndBlhNrFi2EMuFRoeDoJO7wthSLq42EjA==

simple-concat@^1.0.0:
  version "1.0.1"
  resolved "https://verdaccio.framework.xyz/simple-concat/-/simple-concat-1.0.1.tgz#f46976082ba35c2263f1c8ab5edfe26c41c9552f"
  integrity sha512-cSFtAPtRhljv69IK0hTVZQ+OfE9nePi/rtJmw5UjHeVyVroEqJXP1sFztKUy1qU+xvz3u/sfYJLa947b7nAN2Q==

simple-get@^3.0.3:
  version "3.1.0"
  resolved "https://verdaccio.framework.xyz/simple-get/-/simple-get-3.1.0.tgz#b45be062435e50d159540b576202ceec40b9c6b3"
  integrity sha512-bCR6cP+aTdScaQCnQKbPKtJOKDp/hj9EDLJo3Nw4y1QksqaovlW/bnptB6/c1e+qmNIDHRK+oXFDdEqBT8WzUA==
  dependencies:
    decompress-response "^4.2.0"
    once "^1.3.1"
    simple-concat "^1.0.0"

string-width@^1.0.1:
  version "1.0.2"
  resolved "https://verdaccio.framework.xyz/string-width/-/string-width-1.0.2.tgz#118bdf5b8cdc51a2a7e70d211e07e2b0b9b107d3"
  integrity sha1-EYvfW4zcUaKn5w0hHgfisLmxB9M=
  dependencies:
    code-point-at "^1.0.0"
    is-fullwidth-code-point "^1.0.0"
    strip-ansi "^3.0.0"

"string-width@^1.0.2 || 2":
  version "2.1.1"
  resolved "https://verdaccio.framework.xyz/string-width/-/string-width-2.1.1.tgz#ab93f27a8dc13d28cac815c462143a6d9012ae9e"
  integrity sha512-nOqH59deCq9SRHlxq1Aw85Jnt4w6KvLKqWVik6oA9ZklXLNIOlqg4F2yrT1MVaTjAqvVwdfeZ7w7aCvJD7ugkw==
  dependencies:
    is-fullwidth-code-point "^2.0.0"
    strip-ansi "^4.0.0"

string_decoder@^1.1.1:
  version "1.3.0"
  resolved "https://verdaccio.framework.xyz/string_decoder/-/string_decoder-1.3.0.tgz#42f114594a46cf1a8e30b0a84f56c78c3edac21e"
  integrity sha512-hkRX8U1WjJFd8LsDJ2yQ/wWWxaopEsABU1XfkM8A+j0+85JAGppt16cr1Whg6KIbb4okU6Mql6BOj+uup/wKeA==
  dependencies:
    safe-buffer "~5.2.0"

string_decoder@~1.1.1:
  version "1.1.1"
  resolved "https://verdaccio.framework.xyz/string_decoder/-/string_decoder-1.1.1.tgz#9cf1611ba62685d7030ae9e4ba34149c3af03fc8"
  integrity sha512-n/ShnvDi6FHbbVfviro+WojiFzv+s8MPMHBczVePfUpDJLwoLT0ht1l4YwBCbi8pJAveEEdnkHyPyTP/mzRfwg==
  dependencies:
    safe-buffer "~5.1.0"

strip-ansi@^3.0.0, strip-ansi@^3.0.1:
  version "3.0.1"
  resolved "https://verdaccio.framework.xyz/strip-ansi/-/strip-ansi-3.0.1.tgz#6a385fb8853d952d5ff05d0e8aaf94278dc63dcf"
  integrity sha1-ajhfuIU9lS1f8F0Oiq+UJ43GPc8=
  dependencies:
    ansi-regex "^2.0.0"

strip-ansi@^4.0.0:
  version "4.0.0"
  resolved "https://verdaccio.framework.xyz/strip-ansi/-/strip-ansi-4.0.0.tgz#a8479022eb1ac368a871389b635262c505ee368f"
  integrity sha1-qEeQIusaw2iocTibY1JixQXuNo8=
  dependencies:
    ansi-regex "^3.0.0"

strip-json-comments@~2.0.1:
  version "2.0.1"
  resolved "https://verdaccio.framework.xyz/strip-json-comments/-/strip-json-comments-2.0.1.tgz#3c531942e908c2697c0ec344858c286c7ca0a60a"
  integrity sha1-PFMZQukIwml8DsNEhYwobHygpgo=

tar-fs@^2.0.0:
  version "2.1.0"
  resolved "https://verdaccio.framework.xyz/tar-fs/-/tar-fs-2.1.0.tgz#d1cdd121ab465ee0eb9ccde2d35049d3f3daf0d5"
  integrity sha512-9uW5iDvrIMCVpvasdFHW0wJPez0K4JnMZtsuIeDI7HyMGJNxmDZDOCQROr7lXyS+iL/QMpj07qcjGYTSdRFXUg==
  dependencies:
    chownr "^1.1.1"
    mkdirp-classic "^0.5.2"
    pump "^3.0.0"
    tar-stream "^2.0.0"

tar-stream@^2.0.0:
  version "2.1.3"
  resolved "https://verdaccio.framework.xyz/tar-stream/-/tar-stream-2.1.3.tgz#1e2022559221b7866161660f118255e20fa79e41"
  integrity sha512-Z9yri56Dih8IaK8gncVPx4Wqt86NDmQTSh49XLZgjWpGZL9GK9HKParS2scqHCC4w6X9Gh2jwaU45V47XTKwVA==
  dependencies:
    bl "^4.0.1"
    end-of-stream "^1.4.1"
    fs-constants "^1.0.0"
    inherits "^2.0.3"
    readable-stream "^3.1.1"

tunnel-agent@^0.6.0:
  version "0.6.0"
  resolved "https://verdaccio.framework.xyz/tunnel-agent/-/tunnel-agent-0.6.0.tgz#27a5dea06b36b04a0a9966774b290868f0fc40fd"
  integrity sha1-J6XeoGs2sEoKmWZ3SykIaPD8QP0=
  dependencies:
    safe-buffer "^5.0.1"

util-deprecate@^1.0.1, util-deprecate@~1.0.1:
  version "1.0.2"
  resolved "https://verdaccio.framework.xyz/util-deprecate/-/util-deprecate-1.0.2.tgz#450d4dc9fa70de732762fbd2d4a28981419a0ccf"
  integrity sha1-RQ1Nyfpw3nMnYvvS1KKJgUGaDM8=

which-pm-runs@^1.0.0:
  version "1.0.0"
  resolved "https://verdaccio.framework.xyz/which-pm-runs/-/which-pm-runs-1.0.0.tgz#670b3afbc552e0b55df6b7780ca74615f23ad1cb"
  integrity sha1-Zws6+8VS4LVd9rd4DKdGFfI60cs=

wide-align@^1.1.0:
  version "1.1.3"
  resolved "https://verdaccio.framework.xyz/wide-align/-/wide-align-1.1.3.tgz#ae074e6bdc0c14a431e804e624549c633b000457"
  integrity sha512-QGkOQc8XL6Bt5PwnsExKBPuMKBxnGxWWW3fU55Xt4feHozMUhdUMaBCk290qpm/wG5u/RSKzwdAC4i51YigihA==
  dependencies:
    string-width "^1.0.2 || 2"

wrappy@1:
  version "1.0.2"
  resolved "https://verdaccio.framework.xyz/wrappy/-/wrappy-1.0.2.tgz#b5243d8f3ec1aa35f1364605bc0d1036e30ab69f"
  integrity sha1-tSQ9jz7BqjXxNkYFvA0QNuMKtp8=

ws@7.2.3:
  version "7.2.3"
  resolved "https://verdaccio.framework.xyz/ws/-/ws-7.2.3.tgz#a5411e1fb04d5ed0efee76d26d5c46d830c39b46"
  integrity sha512-HTDl9G9hbkNDk98naoR/cHDws7+EyYMOdL1BmjsZXRUjf7d+MficC4B7HLUPlSiho0vg+CWKrGIt/VJBd1xunQ==

zeromq@5:
  version "5.2.0"
  resolved "https://verdaccio.framework.xyz/zeromq/-/zeromq-5.2.0.tgz#92eed6baeee5167977e51a2e2360b2c29a3b39fd"
  integrity sha512-qsckhCmrg6et6zrAJytC971SSN/4iLxKgkXK1Wqn2Gij5KXMY+TA+3cy/iFwehaWdU5usg5HNOOgaBdjSqtCVw==
  dependencies:
    nan "^2.14.0"
    prebuild-install "^5.3.2"
